{
  "name": "serverless-api-python",
  "version": "1.0.0",
  "lockfileVersion": 1,
  "requires": true,
  "dependencies": {
    "lodash": {
      "version": "4.17.20",
      "resolved": "https://registry.npmjs.org/lodash/-/lodash-4.17.20.tgz",
      "integrity": "sha512-PlhdFcillOINfeV7Ni6oF1TAEayyZBoZ8bcshTHqOYJYlrqzRK5hagpagky5o4HfCzzd1TRkXPMFq6cKk9rGmA=="
    },
    "serverless-iam-roles-per-function": {
      "version": "3.0.0-d84bffd",
      "resolved": "https://registry.npmjs.org/serverless-iam-roles-per-function/-/serverless-iam-roles-per-function-3.0.0-d84bffd.tgz",
      "integrity": "sha512-AkGjb1ycFKJnBU/WvExCHCYhqVerFH9yuONvKhnEkW54ca13qX3QLB3Y074faKSihzz9iQL4NFlnwHYatrtV9A==",
      "requires": {
        "lodash": "^4.17.15"
      }
    }
  }
}
